
Microsoft Visual Studio Solution File, Format Version 12.00
# Visual Studio Version 17
VisualStudioVersion = 17.0.31903.59
MinimumVisualStudioVersion = 10.0.40219.1
Project("{2150E333-8FDC-42A3-9474-1A3956D46DE8}") = "Solution Items", "Solution Items", "{11154950-0E86-4177-AD2C-AA93B7243F3E}"
	ProjectSection(SolutionItems) = preProject
		Directory.Build.props = Directory.Build.props
	EndProjectSection
EndProject
Project("{9A19103F-16F7-4668-BE54-9A1E7A4F7556}") = "Klinkby.VCard.Generators", "src\Klinkby.VCard.Generators\Klinkby.VCard.Generators.csproj", "{CC3E9368-F493-4760-A7C3-9C3006703F2D}"
EndProject
Project("{9A19103F-16F7-4668-BE54-9A1E7A4F7556}") = "Klinkby.VCard", "src\Klinkby.VCard\Klinkby.VCard.csproj", "{714C1AEF-AE6C-43C7-AEDF-6B808920ADF0}"
EndProject
Global
	GlobalSection(SolutionConfigurationPlatforms) = preSolution
		Debug|Any CPU = Debug|Any CPU
		Release|Any CPU = Release|Any CPU
	EndGlobalSection
	GlobalSection(ProjectConfigurationPlatforms) = postSolution
		{CC3E9368-F493-4760-A7C3-9C3006703F2D}.Debug|Any CPU.ActiveCfg = Debug|Any CPU
		{CC3E9368-F493-4760-A7C3-9C3006703F2D}.Debug|Any CPU.Build.0 = Debug|Any CPU
		{CC3E9368-F493-4760-A7C3-9C3006703F2D}.Release|Any CPU.ActiveCfg = Release|Any CPU
		{CC3E9368-F493-4760-A7C3-9C3006703F2D}.Release|Any CPU.Build.0 = Release|Any CPU
		{714C1AEF-AE6C-43C7-AEDF-6B808920ADF0}.Debug|Any CPU.ActiveCfg = Debug|Any CPU
		{714C1AEF-AE6C-43C7-AEDF-6B808920ADF0}.Debug|Any CPU.Build.0 = Debug|Any CPU
		{714C1AEF-AE6C-43C7-AEDF-6B808920ADF0}.Release|Any CPU.ActiveCfg = Release|Any CPU
		{714C1AEF-AE6C-43C7-AEDF-6B808920ADF0}.Release|Any CPU.Build.0 = Release|Any CPU
	EndGlobalSection
	GlobalSection(SolutionProperties) = preSolution
		HideSolutionNode = FALSE
	EndGlobalSection
EndGlobal
